
Microsoft Visual Studio Solution File, Format Version 12.00
# Visual Studio 14
VisualStudioVersion = 14.0.24720.0
MinimumVisualStudioVersion = 10.0.40219.1
Project("{FAE04EC0-301F-11D3-BF4B-00C04F79EFBC}") = "WebApplication1", "WebApplication1\WebApplication1.csproj", "{DBCEB5F4-228F-4BA9-BCAC-6D08A584F34B}"
EndProject
Project("{FAE04EC0-301F-11D3-BF4B-00C04F79EFBC}") = "WebApplication1.Tests", "WebApplication1.Tests\WebApplication1.Tests.csproj", "{A58E386A-50DA-425E-9B83-72A1B7A3B495}"
EndProject
Global
	GlobalSection(SolutionConfigurationPlatforms) = preSolution
		Debug|Any CPU = Debug|Any CPU
		Release|Any CPU = Release|Any CPU
	EndGlobalSection
	GlobalSection(ProjectConfigurationPlatforms) = postSolution
		{DBCEB5F4-228F-4BA9-BCAC-6D08A584F34B}.Debug|Any CPU.ActiveCfg = Debug|Any CPU
		{DBCEB5F4-228F-4BA9-BCAC-6D08A584F34B}.Debug|Any CPU.Build.0 = Debug|Any CPU
		{DBCEB5F4-228F-4BA9-BCAC-6D08A584F34B}.Release|Any CPU.ActiveCfg = Release|Any CPU
		{DBCEB5F4-228F-4BA9-BCAC-6D08A584F34B}.Release|Any CPU.Build.0 = Release|Any CPU
		{A58E386A-50DA-425E-9B83-72A1B7A3B495}.Debug|Any CPU.ActiveCfg = Debug|Any CPU
		{A58E386A-50DA-425E-9B83-72A1B7A3B495}.Debug|Any CPU.Build.0 = Debug|Any CPU
		{A58E386A-50DA-425E-9B83-72A1B7A3B495}.Release|Any CPU.ActiveCfg = Release|Any CPU
		{A58E386A-50DA-425E-9B83-72A1B7A3B495}.Release|Any CPU.Build.0 = Release|Any CPU
	EndGlobalSection
	GlobalSection(SolutionProperties) = preSolution
		HideSolutionNode = FALSE
	EndGlobalSection
EndGlobal
